
Microsoft Visual Studio Solution File, Format Version 12.00
# Visual Studio Version 16
VisualStudioVersion = 16.0.29411.108
MinimumVisualStudioVersion = 10.0.40219.1
Project("{9A19103F-16F7-4668-BE54-9A1E7A4F7556}") = "CursoOnline.Dominio.Test", "test\CursoOnline.Dominio.Test\CursoOnline.Dominio.Test.csproj", "{E4DC14FB-B354-4209-82E9-D42BEC401229}"
EndProject
Project("{9A19103F-16F7-4668-BE54-9A1E7A4F7556}") = "CursoOnline.Dados", "src\CursoOnline.Dados\CursoOnline.Dados.csproj", "{D3C3DF83-5BB4-4ACB-9363-BA85F1EC52C1}"
EndProject
Project("{9A19103F-16F7-4668-BE54-9A1E7A4F7556}") = "CursoOnline.Dominio", "src\CursoOnline.Dominio\CursoOnline.Dominio.csproj", "{49EB04FD-15C5-48D0-8F2B-B8026070B469}"
EndProject
Project("{9A19103F-16F7-4668-BE54-9A1E7A4F7556}") = "CursoOnline.Ioc", "src\CursoOnline.Ioc\CursoOnline.Ioc.csproj", "{7A343444-7328-4355-B504-DDBCB4EC43A1}"
EndProject
Project("{9A19103F-16F7-4668-BE54-9A1E7A4F7556}") = "CursoOnline.Web", "src\CursoOnline.Web\CursoOnline.Web.csproj", "{FF5ED380-E225-45DF-9FE2-BE6B80291DB3}"
EndProject
Project("{2150E333-8FDC-42A3-9474-1A3956D46DE8}") = "Solution Items", "Solution Items", "{B4C4D6F1-AF97-4627-B189-3C8647B980F7}"
	ProjectSection(SolutionItems) = preProject
		.travis.yml = .travis.yml
	EndProjectSection
EndProject
Global
	GlobalSection(SolutionConfigurationPlatforms) = preSolution
		Debug|Any CPU = Debug|Any CPU
		Release|Any CPU = Release|Any CPU
	EndGlobalSection
	GlobalSection(ProjectConfigurationPlatforms) = postSolution
		{E4DC14FB-B354-4209-82E9-D42BEC401229}.Debug|Any CPU.ActiveCfg = Debug|Any CPU
		{E4DC14FB-B354-4209-82E9-D42BEC401229}.Debug|Any CPU.Build.0 = Debug|Any CPU
		{E4DC14FB-B354-4209-82E9-D42BEC401229}.Release|Any CPU.ActiveCfg = Release|Any CPU
		{E4DC14FB-B354-4209-82E9-D42BEC401229}.Release|Any CPU.Build.0 = Release|Any CPU
		{D3C3DF83-5BB4-4ACB-9363-BA85F1EC52C1}.Debug|Any CPU.ActiveCfg = Debug|Any CPU
		{D3C3DF83-5BB4-4ACB-9363-BA85F1EC52C1}.Debug|Any CPU.Build.0 = Debug|Any CPU
		{D3C3DF83-5BB4-4ACB-9363-BA85F1EC52C1}.Release|Any CPU.ActiveCfg = Release|Any CPU
		{D3C3DF83-5BB4-4ACB-9363-BA85F1EC52C1}.Release|Any CPU.Build.0 = Release|Any CPU
		{49EB04FD-15C5-48D0-8F2B-B8026070B469}.Debug|Any CPU.ActiveCfg = Debug|Any CPU
		{49EB04FD-15C5-48D0-8F2B-B8026070B469}.Debug|Any CPU.Build.0 = Debug|Any CPU
		{49EB04FD-15C5-48D0-8F2B-B8026070B469}.Release|Any CPU.ActiveCfg = Release|Any CPU
		{49EB04FD-15C5-48D0-8F2B-B8026070B469}.Release|Any CPU.Build.0 = Release|Any CPU
		{7A343444-7328-4355-B504-DDBCB4EC43A1}.Debug|Any CPU.ActiveCfg = Debug|Any CPU
		{7A343444-7328-4355-B504-DDBCB4EC43A1}.Debug|Any CPU.Build.0 = Debug|Any CPU
		{7A343444-7328-4355-B504-DDBCB4EC43A1}.Release|Any CPU.ActiveCfg = Release|Any CPU
		{7A343444-7328-4355-B504-DDBCB4EC43A1}.Release|Any CPU.Build.0 = Release|Any CPU
		{FF5ED380-E225-45DF-9FE2-BE6B80291DB3}.Debug|Any CPU.ActiveCfg = Debug|Any CPU
		{FF5ED380-E225-45DF-9FE2-BE6B80291DB3}.Debug|Any CPU.Build.0 = Debug|Any CPU
		{FF5ED380-E225-45DF-9FE2-BE6B80291DB3}.Release|Any CPU.ActiveCfg = Release|Any CPU
		{FF5ED380-E225-45DF-9FE2-BE6B80291DB3}.Release|Any CPU.Build.0 = Release|Any CPU
	EndGlobalSection
	GlobalSection(SolutionProperties) = preSolution
		HideSolutionNode = FALSE
	EndGlobalSection
	GlobalSection(ExtensibilityGlobals) = postSolution
		SolutionGuid = {7C9E6A7E-4677-4197-9E3A-BF8428572B48}
	EndGlobalSection
EndGlobal
